// !$*UTF8*$!
{
	archiveVersion = 1;
	classes = {
	};
	objectVersion = 50;
	objects = {

/* Begin PBXBuildFile section */
		9369B60D20E15B1F00A41616 /* AppDelegate.swift in Sources */ = {isa = PBXBuildFile; fileRef = 9369B60C20E15B1F00A41616 /* AppDelegate.swift */; };
		9369B60F20E15B1F00A41616 /* ViewController.swift in Sources */ = {isa = PBXBuildFile; fileRef = 9369B60E20E15B1F00A41616 /* ViewController.swift */; };
		9369B61220E15B1F00A41616 /* Main.storyboard in Resources */ = {isa = PBXBuildFile; fileRef = 9369B61020E15B1F00A41616 /* Main.storyboard */; };
		9369B61420E15B2100A41616 /* Assets.xcassets in Resources */ = {isa = PBXBuildFile; fileRef = 9369B61320E15B2100A41616 /* Assets.xcassets */; };
		9369B61720E15B2100A41616 /* LaunchScreen.storyboard in Resources */ = {isa = PBXBuildFile; fileRef = 9369B61520E15B2100A41616 /* LaunchScreen.storyboard */; };
		9369B62220E15B2100A41616 /* TableViewDemoTests.swift in Sources */ = {isa = PBXBuildFile; fileRef = 9369B62120E15B2100A41616 /* TableViewDemoTests.swift */; };
		9369B62D20E15B2200A41616 /* TableViewDemoUITests.swift in Sources */ = {isa = PBXBuildFile; fileRef = 9369B62C20E15B2200A41616 /* TableViewDemoUITests.swift */; };
/* End PBXBuildFile section */

/* Begin PBXContainerItemProxy section */
		9369B61E20E15B2100A41616 /* PBXContainerItemProxy */ = {
			isa = PBXContainerItemProxy;
			containerPortal = 9369B60120E15B1F00A41616 /* Project object */;
			proxyType = 1;
			remoteGlobalIDString = 9369B60820E15B1F00A41616;
			remoteInfo = TableViewDemo;
		};
		9369B62920E15B2200A41616 /* PBXContainerItemProxy */ = {
			isa = PBXContainerItemProxy;
			containerPortal = 9369B60120E15B1F00A41616 /* Project object */;
			proxyType = 1;
			remoteGlobalIDString = 9369B60820E15B1F00A41616;
			remoteInfo = TableViewDemo;
		};
/* End PBXContainerItemProxy section */

/* Begin PBXFileReference section */
		9369B60920E15B1F00A41616 /* TableViewDemo.app */ = {isa = PBXFileReference; explicitFileType = wrapper.application; includeInIndex = 0; path = TableViewDemo.app; sourceTree = BUILT_PRODUCTS_DIR; };
		9369B60C20E15B1F00A41616 /* AppDelegate.swift */ = {isa = PBXFileReference; lastKnownFileType = sourcecode.swift; path = AppDelegate.swift; sourceTree = "<group>"; };
		9369B60E20E15B1F00A41616 /* ViewController.swift */ = {isa = PBXFileReference; lastKnownFileType = sourcecode.swift; path = ViewController.swift; sourceTree = "<group>"; };
		9369B61120E15B1F00A41616 /* Base */ = {isa = PBXFileReference; lastKnownFileType = file.storyboard; name = Base; path = Base.lproj/Main.storyboard; sourceTree = "<group>"; };
		9369B61320E15B2100A41616 /* Assets.xcassets */ = {isa = PBXFileReference; lastKnownFileType = folder.assetcatalog; path = Assets.xcassets; sourceTree = "<group>"; };
		9369B61620E15B2100A41616 /* Base */ = {isa = PBXFileReference; lastKnownFileType = file.storyboard; name = Base; path = Base.lproj/LaunchScreen.storyboard; sourceTree = "<group>"; };
		9369B61820E15B2100A41616 /* Info.plist */ = {isa = PBXFileReference; lastKnownFileType = text.plist.xml; path = Info.plist; sourceTree = "<group>"; };
		9369B61D20E15B2100A41616 /* TableViewDemoTests.xctest */ = {isa = PBXFileReference; explicitFileType = wrapper.cfbundle; includeInIndex = 0; path = TableViewDemoTests.xctest; sourceTree = BUILT_PRODUCTS_DIR; };
		9369B62120E15B2100A41616 /* TableViewDemoTests.swift */ = {isa = PBXFileReference; lastKnownFileType = sourcecode.swift; path = TableViewDemoTests.swift; sourceTree = "<group>"; };
		9369B62320E15B2100A41616 /* Info.plist */ = {isa = PBXFileReference; lastKnownFileType = text.plist.xml; path = Info.plist; sourceTree = "<group>"; };
		9369B62820E15B2200A41616 /* TableViewDemoUITests.xctest */ = {isa = PBXFileReference; explicitFileType = wrapper.cfbundle; includeInIndex = 0; path = TableViewDemoUITests.xctest; sourceTree = BUILT_PRODUCTS_DIR; };
		9369B62C20E15B2200A41616 /* TableViewDemoUITests.swift */ = {isa = PBXFileReference; lastKnownFileType = sourcecode.swift; path = TableViewDemoUITests.swift; sourceTree = "<group>"; };
		9369B62E20E15B2200A41616 /* Info.plist */ = {isa = PBXFileReference; lastKnownFileType = text.plist.xml; path = Info.plist; sourceTree = "<group>"; };
/* End PBXFileReference section */

/* Begin PBXFrameworksBuildPhase section */
		9369B60620E15B1F00A41616 /* Frameworks */ = {
			isa = PBXFrameworksBuildPhase;
			buildActionMask = 2147483647;
			files = (
			);
			runOnlyForDeploymentPostprocessing = 0;
		};
		9369B61A20E15B2100A41616 /* Frameworks */ = {
			isa = PBXFrameworksBuildPhase;
			buildActionMask = 2147483647;
			files = (
			);
			runOnlyForDeploymentPostprocessing = 0;
		};
		9369B62520E15B2200A41616 /* Frameworks */ = {
			isa = PBXFrameworksBuildPhase;
			buildActionMask = 2147483647;
			files = (
			);
			runOnlyForDeploymentPostprocessing = 0;
		};
/* End PBXFrameworksBuildPhase section */

/* Begin PBXGroup section */
		9369B60020E15B1F00A41616 = {
			isa = PBXGroup;
			children = (
				9369B60B20E15B1F00A41616 /* TableViewDemo */,
				9369B62020E15B2100A41616 /* TableViewDemoTests */,
				9369B62B20E15B2200A41616 /* TableViewDemoUITests */,
				9369B60A20E15B1F00A41616 /* Products */,
			);
			sourceTree = "<group>";
		};
		9369B60A20E15B1F00A41616 /* Products */ = {
			isa = PBXGroup;
			children = (
				9369B60920E15B1F00A41616 /* TableViewDemo.app */,
				9369B61D20E15B2100A41616 /* TableViewDemoTests.xctest */,
				9369B62820E15B2200A41616 /* TableViewDemoUITests.xctest */,
			);
			name = Products;
			sourceTree = "<group>";
		};
		9369B60B20E15B1F00A41616 /* TableViewDemo */ = {
			isa = PBXGroup;
			children = (
				9369B60C20E15B1F00A41616 /* AppDelegate.swift */,
				9369B60E20E15B1F00A41616 /* ViewController.swift */,
				9369B61020E15B1F00A41616 /* Main.storyboard */,
				9369B61320E15B2100A41616 /* Assets.xcassets */,
				9369B61520E15B2100A41616 /* LaunchScreen.storyboard */,
				9369B61820E15B2100A41616 /* Info.plist */,
			);
			path = TableViewDemo;
			sourceTree = "<group>";
		};
		9369B62020E15B2100A41616 /* TableViewDemoTests */ = {
			isa = PBXGroup;
			children = (
				9369B62120E15B2100A41616 /* TableViewDemoTests.swift */,
				9369B62320E15B2100A41616 /* Info.plist */,
			);
			path = TableViewDemoTests;
			sourceTree = "<group>";
		};
		9369B62B20E15B2200A41616 /* TableViewDemoUITests */ = {
			isa = PBXGroup;
			children = (
				9369B62C20E15B2200A41616 /* TableViewDemoUITests.swift */,
				9369B62E20E15B2200A41616 /* Info.plist */,
			);
			path = TableViewDemoUITests;
			sourceTree = "<group>";
		};
/* End PBXGroup section */

/* Begin PBXNativeTarget section */
		9369B60820E15B1F00A41616 /* TableViewDemo */ = {
			isa = PBXNativeTarget;
			buildConfigurationList = 9369B63120E15B2200A41616 /* Build configuration list for PBXNativeTarget "TableViewDemo" */;
			buildPhases = (
				9369B60520E15B1F00A41616 /* Sources */,
				9369B60620E15B1F00A41616 /* Frameworks */,
				9369B60720E15B1F00A41616 /* Resources */,
			);
			buildRules = (
			);
			dependencies = (
			);
			name = TableViewDemo;
			productName = TableViewDemo;
			productReference = 9369B60920E15B1F00A41616 /* TableViewDemo.app */;
			productType = "com.apple.product-type.application";
		};
		9369B61C20E15B2100A41616 /* TableViewDemoTests */ = {
			isa = PBXNativeTarget;
			buildConfigurationList = 9369B63420E15B2200A41616 /* Build configuration list for PBXNativeTarget "TableViewDemoTests" */;
			buildPhases = (
				9369B61920E15B2100A41616 /* Sources */,
				9369B61A20E15B2100A41616 /* Frameworks */,
				9369B61B20E15B2100A41616 /* Resources */,
			);
			buildRules = (
			);
			dependencies = (
				9369B61F20E15B2100A41616 /* PBXTargetDependency */,
			);
			name = TableViewDemoTests;
			productName = TableViewDemoTests;
			productReference = 9369B61D20E15B2100A41616 /* TableViewDemoTests.xctest */;
			productType = "com.apple.product-type.bundle.unit-test";
		};
		9369B62720E15B2200A41616 /* TableViewDemoUITests */ = {
			isa = PBXNativeTarget;
			buildConfigurationList = 9369B63720E15B2200A41616 /* Build configuration list for PBXNativeTarget "TableViewDemoUITests" */;
			buildPhases = (
				9369B62420E15B2200A41616 /* Sources */,
				9369B62520E15B2200A41616 /* Frameworks */,
				9369B62620E15B2200A41616 /* Resources */,
			);
			buildRules = (
			);
			dependencies = (
				9369B62A20E15B2200A41616 /* PBXTargetDependency */,
			);
			name = TableViewDemoUITests;
			productName = TableViewDemoUITests;
			productReference = 9369B62820E15B2200A41616 /* TableViewDemoUITests.xctest */;
			productType = "com.apple.product-type.bundle.ui-testing";
		};
/* End PBXNativeTarget section */

/* Begin PBXProject section */
		9369B60120E15B1F00A41616 /* Project object */ = {
			isa = PBXProject;
			attributes = {
				LastSwiftUpdateCheck = 0940;
				LastUpgradeCheck = 0940;
				ORGANIZATIONNAME = "Anes Mehai ";
				TargetAttributes = {
					9369B60820E15B1F00A41616 = {
						CreatedOnToolsVersion = 9.4;
					};
					9369B61C20E15B2100A41616 = {
						CreatedOnToolsVersion = 9.4;
						TestTargetID = 9369B60820E15B1F00A41616;
					};
					9369B62720E15B2200A41616 = {
						CreatedOnToolsVersion = 9.4;
						TestTargetID = 9369B60820E15B1F00A41616;
					};
				};
			};
			buildConfigurationList = 9369B60420E15B1F00A41616 /* Build configuration list for PBXProject "TableViewDemo" */;
			compatibilityVersion = "Xcode 9.3";
			developmentRegion = en;
			hasScannedForEncodings = 0;
			knownRegions = (
				en,
				Base,
			);
			mainGroup = 9369B60020E15B1F00A41616;
			productRefGroup = 9369B60A20E15B1F00A41616 /* Products */;
			projectDirPath = "";
			projectRoot = "";
			targets = (
				9369B60820E15B1F00A41616 /* TableViewDemo */,
				9369B61C20E15B2100A41616 /* TableViewDemoTests */,
				9369B62720E15B2200A41616 /* TableViewDemoUITests */,
			);
		};
/* End PBXProject section */

/* Begin PBXResourcesBuildPhase section */
		9369B60720E15B1F00A41616 /* Resources */ = {
			isa = PBXResourcesBuildPhase;
			buildActionMask = 2147483647;
			files = (
				9369B61720E15B2100A41616 /* LaunchScreen.storyboard in Resources */,
				9369B61420E15B2100A41616 /* Assets.xcassets in Resources */,
				9369B61220E15B1F00A41616 /* Main.storyboard in Resources */,
			);
			runOnlyForDeploymentPostprocessing = 0;
		};
		9369B61B20E15B2100A41616 /* Resources */ = {
			isa = PBXResourcesBuildPhase;
			buildActionMask = 2147483647;
			files = (
			);
			runOnlyForDeploymentPostprocessing = 0;
		};
		9369B62620E15B2200A41616 /* Resources */ = {
			isa = PBXResourcesBuildPhase;
			buildActionMask = 2147483647;
			files = (
			);
			runOnlyForDeploymentPostprocessing = 0;
		};
/* End PBXResourcesBuildPhase section */

/* Begin PBXSourcesBuildPhase section */
		9369B60520E15B1F00A41616 /* Sources */ = {
			isa = PBXSourcesBuildPhase;
			buildActionMask = 2147483647;
			files = (
				9369B60F20E15B1F00A41616 /* ViewController.swift in Sources */,
				9369B60D20E15B1F00A41616 /* AppDelegate.swift in Sources */,
			);
			runOnlyForDeploymentPostprocessing = 0;
		};
		9369B61920E15B2100A41616 /* Sources */ = {
			isa = PBXSourcesBuildPhase;
			buildActionMask = 2147483647;
			files = (
				9369B62220E15B2100A41616 /* TableViewDemoTests.swift in Sources */,
			);
			runOnlyForDeploymentPostprocessing = 0;
		};
		9369B62420E15B2200A41616 /* Sources */ = {
			isa = PBXSourcesBuildPhase;
			buildActionMask = 2147483647;
			files = (
				9369B62D20E15B2200A41616 /* TableViewDemoUITests.swift in Sources */,
			);
			runOnlyForDeploymentPostprocessing = 0;
		};
/* End PBXSourcesBuildPhase section */

/* Begin PBXTargetDependency section */
		9369B61F20E15B2100A41616 /* PBXTargetDependency */ = {
			isa = PBXTargetDependency;
			target = 9369B60820E15B1F00A41616 /* TableViewDemo */;
			targetProxy = 9369B61E20E15B2100A41616 /* PBXContainerItemProxy */;
		};
		9369B62A20E15B2200A41616 /* PBXTargetDependency */ = {
			isa = PBXTargetDependency;
			target = 9369B60820E15B1F00A41616 /* TableViewDemo */;
			targetProxy = 9369B62920E15B2200A41616 /* PBXContainerItemProxy */;
		};
/* End PBXTargetDependency section */

/* Begin PBXVariantGroup section */
		9369B61020E15B1F00A41616 /* Main.storyboard */ = {
			isa = PBXVariantGroup;
			children = (
				9369B61120E15B1F00A41616 /* Base */,
			);
			name = Main.storyboard;
			sourceTree = "<group>";
		};
		9369B61520E15B2100A41616 /* LaunchScreen.storyboard */ = {
			isa = PBXVariantGroup;
			children = (
				9369B61620E15B2100A41616 /* Base */,
			);
			name = LaunchScreen.storyboard;
			sourceTree = "<group>";
		};
/* End PBXVariantGroup section */

/* Begin XCBuildConfiguration section */
		9369B62F20E15B2200A41616 /* Debug */ = {
			isa = XCBuildConfiguration;
			buildSettings = {
				ALWAYS_SEARCH_USER_PATHS = NO;
				CLANG_ANALYZER_NONNULL = YES;
				CLANG_ANALYZER_NUMBER_OBJECT_CONVERSION = YES_AGGRESSIVE;
				CLANG_CXX_LANGUAGE_STANDARD = "gnu++14";
				CLANG_CXX_LIBRARY = "libc++";
				CLANG_ENABLE_MODULES = YES;
				CLANG_ENABLE_OBJC_ARC = YES;
				CLANG_ENABLE_OBJC_WEAK = YES;
				CLANG_WARN_BLOCK_CAPTURE_AUTORELEASING = YES;
				CLANG_WARN_BOOL_CONVERSION = YES;
				CLANG_WARN_COMMA = YES;
				CLANG_WARN_CONSTANT_CONVERSION = YES;
				CLANG_WARN_DEPRECATED_OBJC_IMPLEMENTATIONS = YES;
				CLANG_WARN_DIRECT_OBJC_ISA_USAGE = YES_ERROR;
				CLANG_WARN_DOCUMENTATION_COMMENTS = YES;
				CLANG_WARN_EMPTY_BODY = YES;
				CLANG_WARN_ENUM_CONVERSION = YES;
				CLANG_WARN_INFINITE_RECURSION = YES;
				CLANG_WARN_INT_CONVERSION = YES;
				CLANG_WARN_NON_LITERAL_NULL_CONVERSION = YES;
				CLANG_WARN_OBJC_IMPLICIT_RETAIN_SELF = YES;
				CLANG_WARN_OBJC_LITERAL_CONVERSION = YES;
				CLANG_WARN_OBJC_ROOT_CLASS = YES_ERROR;
				CLANG_WARN_RANGE_LOOP_ANALYSIS = YES;
				CLANG_WARN_STRICT_PROTOTYPES = YES;
				CLANG_WARN_SUSPICIOUS_MOVE = YES;
				CLANG_WARN_UNGUARDED_AVAILABILITY = YES_AGGRESSIVE;
				CLANG_WARN_UNREACHABLE_CODE = YES;
				CLANG_WARN__DUPLICATE_METHOD_MATCH = YES;
				CODE_SIGN_IDENTITY = "iPhone Developer";
				COPY_PHASE_STRIP = NO;
				DEBUG_INFORMATION_FORMAT = dwarf;
				ENABLE_STRICT_OBJC_MSGSEND = YES;
				ENABLE_TESTABILITY = YES;
				GCC_C_LANGUAGE_STANDARD = gnu11;
				GCC_DYNAMIC_NO_PIC = NO;
				GCC_NO_COMMON_BLOCKS = YES;
				GCC_OPTIMIZATION_LEVEL = 0;
				GCC_PREPROCESSOR_DEFINITIONS = (
					"DEBUG=1",
					"$(inherited)",
				);
				GCC_WARN_64_TO_32_BIT_CONVERSION = YES;
				GCC_WARN_ABOUT_RETURN_TYPE = YES_ERROR;
				GCC_WARN_UNDECLARED_SELECTOR = YES;
				GCC_WARN_UNINITIALIZED_AUTOS = YES_AGGRESSIVE;
				GCC_WARN_UNUSED_FUNCTION = YES;
				GCC_WARN_UNUSED_VARIABLE = YES;
				IPHONEOS_DEPLOYMENT_TARGET = 11.4;
				MTL_ENABLE_DEBUG_INFO = YES;
				ONLY_ACTIVE_ARCH = YES;
				SDKROOT = iphoneos;
				SWIFT_ACTIVE_COMPILATION_CONDITIONS = DEBUG;
				SWIFT_OPTIMIZATION_LEVEL = "-Onone";
			};
			name = Debug;
		};
		9369B63020E15B2200A41616 /* Release */ = {
			isa = XCBuildConfiguration;
			buildSettings = {
				ALWAYS_SEARCH_USER_PATHS = NO;
				CLANG_ANALYZER_NONNULL = YES;
				CLANG_ANALYZER_NUMBER_OBJECT_CONVERSION = YES_AGGRESSIVE;
				CLANG_CXX_LANGUAGE_STANDARD = "gnu++14";
				CLANG_CXX_LIBRARY = "libc++";
				CLANG_ENABLE_MODULES = YES;
				CLANG_ENABLE_OBJC_ARC = YES;
				CLANG_ENABLE_OBJC_WEAK = YES;
				CLANG_WARN_BLOCK_CAPTURE_AUTORELEASING = YES;
				CLANG_WARN_BOOL_CONVERSION = YES;
				CLANG_WARN_COMMA = YES;
				CLANG_WARN_CONSTANT_CONVERSION = YES;
				CLANG_WARN_DEPRECATED_OBJC_IMPLEMENTATIONS = YES;
				CLANG_WARN_DIRECT_OBJC_ISA_USAGE = YES_ERROR;
				CLANG_WARN_DOCUMENTATION_COMMENTS = YES;
				CLANG_WARN_EMPTY_BODY = YES;
				CLANG_WARN_ENUM_CONVERSION = YES;
				CLANG_WARN_INFINITE_RECURSION = YES;
				CLANG_WARN_INT_CONVERSION = YES;
				CLANG_WARN_NON_LITERAL_NULL_CONVERSION = YES;
				CLANG_WARN_OBJC_IMPLICIT_RETAIN_SELF = YES;
				CLANG_WARN_OBJC_LITERAL_CONVERSION = YES;
				CLANG_WARN_OBJC_ROOT_CLASS = YES_ERROR;
				CLANG_WARN_RANGE_LOOP_ANALYSIS = YES;
				CLANG_WARN_STRICT_PROTOTYPES = YES;
				CLANG_WARN_SUSPICIOUS_MOVE = YES;
				CLANG_WARN_UNGUARDED_AVAILABILITY = YES_AGGRESSIVE;
				CLANG_WARN_UNREACHABLE_CODE = YES;
				CLANG_WARN__DUPLICATE_METHOD_MATCH = YES;
				CODE_SIGN_IDENTITY = "iPhone Developer";
				COPY_PHASE_STRIP = NO;
				DEBUG_INFORMATION_FORMAT = "dwarf-with-dsym";
				ENABLE_NS_ASSERTIONS = NO;
				ENABLE_STRICT_OBJC_MSGSEND = YES;
				GCC_C_LANGUAGE_STANDARD = gnu11;
				GCC_NO_COMMON_BLOCKS = YES;
				GCC_WARN_64_TO_32_BIT_CONVERSION = YES;
				GCC_WARN_ABOUT_RETURN_TYPE = YES_ERROR;
				GCC_WARN_UNDECLARED_SELECTOR = YES;
				GCC_WARN_UNINITIALIZED_AUTOS = YES_AGGRESSIVE;
				GCC_WARN_UNUSED_FUNCTION = YES;
				GCC_WARN_UNUSED_VARIABLE = YES;
				IPHONEOS_DEPLOYMENT_TARGET = 11.4;
				MTL_ENABLE_DEBUG_INFO = NO;
				SDKROOT = iphoneos;
				SWIFT_COMPILATION_MODE = wholemodule;
				SWIFT_OPTIMIZATION_LEVEL = "-O";
				VALIDATE_PRODUCT = YES;
			};
			name = Release;
		};
		9369B63220E15B2200A41616 /* Debug */ = {
			isa = XCBuildConfiguration;
			buildSettings = {
				ASSETCATALOG_COMPILER_APPICON_NAME = AppIcon;
				CODE_SIGN_STYLE = Automatic;
				INFOPLIST_FILE = TableViewDemo/Info.plist;
				LD_RUNPATH_SEARCH_PATHS = (
					"$(inherited)",
					"@executable_path/Frameworks",
				);
				PRODUCT_BUNDLE_IDENTIFIER = com.asfoor.TableViewDemo;
				PRODUCT_NAME = "$(TARGET_NAME)";
				SWIFT_VERSION = 4.0;
				TARGETED_DEVICE_FAMILY = "1,2";
			};
			name = Debug;
		};
		9369B63320E15B2200A41616 /* Release */ = {
			isa = XCBuildConfiguration;
			buildSettings = {
				ASSETCATALOG_COMPILER_APPICON_NAME = AppIcon;
				CODE_SIGN_STYLE = Automatic;
				INFOPLIST_FILE = TableViewDemo/Info.plist;
				LD_RUNPATH_SEARCH_PATHS = (
					"$(inherited)",
					"@executable_path/Frameworks",
				);
				PRODUCT_BUNDLE_IDENTIFIER = com.asfoor.TableViewDemo;
				PRODUCT_NAME = "$(TARGET_NAME)";
				SWIFT_VERSION = 4.0;
				TARGETED_DEVICE_FAMILY = "1,2";
			};
			name = Release;
		};
		9369B63520E15B2200A41616 /* Debug */ = {
			isa = XCBuildConfiguration;
			buildSettings = {
				ALWAYS_EMBED_SWIFT_STANDARD_LIBRARIES = YES;
				BUNDLE_LOADER = "$(TEST_HOST)";
				CODE_SIGN_STYLE = Automatic;
				INFOPLIST_FILE = TableViewDemoTests/Info.plist;
				LD_RUNPATH_SEARCH_PATHS = (
					"$(inherited)",
					"@executable_path/Frameworks",
					"@loader_path/Frameworks",
				);
				PRODUCT_BUNDLE_IDENTIFIER = com.asfoor.TableViewDemoTests;
				PRODUCT_NAME = "$(TARGET_NAME)";
				SWIFT_VERSION = 4.0;
				TARGETED_DEVICE_FAMILY = "1,2";
				TEST_HOST = "$(BUILT_PRODUCTS_DIR)/TableViewDemo.app/TableViewDemo";
			};
			name = Debug;
		};
		9369B63620E15B2200A41616 /* Release */ = {
			isa = XCBuildConfiguration;
			buildSettings = {
				ALWAYS_EMBED_SWIFT_STANDARD_LIBRARIES = YES;
				BUNDLE_LOADER = "$(TEST_HOST)";
				CODE_SIGN_STYLE = Automatic;
				INFOPLIST_FILE = TableViewDemoTests/Info.plist;
				LD_RUNPATH_SEARCH_PATHS = (
					"$(inherited)",
					"@executable_path/Frameworks",
					"@loader_path/Frameworks",
				);
				PRODUCT_BUNDLE_IDENTIFIER = com.asfoor.TableViewDemoTests;
				PRODUCT_NAME = "$(TARGET_NAME)";
				SWIFT_VERSION = 4.0;
				TARGETED_DEVICE_FAMILY = "1,2";
				TEST_HOST = "$(BUILT_PRODUCTS_DIR)/TableViewDemo.app/TableViewDemo";
			};
			name = Release;
		};
		9369B63820E15B2200A41616 /* Debug */ = {
			isa = XCBuildConfiguration;
			buildSettings = {
				ALWAYS_EMBED_SWIFT_STANDARD_LIBRARIES = YES;
				CODE_SIGN_STYLE = Automatic;
				INFOPLIST_FILE = TableViewDemoUITests/Info.plist;
				LD_RUNPATH_SEARCH_PATHS = (
					"$(inherited)",
					"@executable_path/Frameworks",
					"@loader_path/Frameworks",
				);
				PRODUCT_BUNDLE_IDENTIFIER = com.asfoor.TableViewDemoUITests;
				PRODUCT_NAME = "$(TARGET_NAME)";
				SWIFT_VERSION = 4.0;
				TARGETED_DEVICE_FAMILY = "1,2";
				TEST_TARGET_NAME = TableViewDemo;
			};
			name = Debug;
		};
		9369B63920E15B2200A41616 /* Release */ = {
			isa = XCBuildConfiguration;
			buildSettings = {
				ALWAYS_EMBED_SWIFT_STANDARD_LIBRARIES = YES;
				CODE_SIGN_STYLE = Automatic;
				INFOPLIST_FILE = TableViewDemoUITests/Info.plist;
				LD_RUNPATH_SEARCH_PATHS = (
					"$(inherited)",
					"@executable_path/Frameworks",
					"@loader_path/Frameworks",
				);
				PRODUCT_BUNDLE_IDENTIFIER = com.asfoor.TableViewDemoUITests;
				PRODUCT_NAME = "$(TARGET_NAME)";
				SWIFT_VERSION = 4.0;
				TARGETED_DEVICE_FAMILY = "1,2";
				TEST_TARGET_NAME = TableViewDemo;
			};
			name = Release;
		};
/* End XCBuildConfiguration section */

/* Begin XCConfigurationList section */
		9369B60420E15B1F00A41616 /* Build configuration list for PBXProject "TableViewDemo" */ = {
			isa = XCConfigurationList;
			buildConfigurations = (
				9369B62F20E15B2200A41616 /* Debug */,
				9369B63020E15B2200A41616 /* Release */,
			);
			defaultConfigurationIsVisible = 0;
			defaultConfigurationName = Release;
		};
		9369B63120E15B2200A41616 /* Build configuration list for PBXNativeTarget "TableViewDemo" */ = {
			isa = XCConfigurationList;
			buildConfigurations = (
				9369B63220E15B2200A41616 /* Debug */,
				9369B63320E15B2200A41616 /* Release */,
			);
			defaultConfigurationIsVisible = 0;
			defaultConfigurationName = Release;
		};
		9369B63420E15B2200A41616 /* Build configuration list for PBXNativeTarget "TableViewDemoTests" */ = {
			isa = XCConfigurationList;
			buildConfigurations = (
				9369B63520E15B2200A41616 /* Debug */,
				9369B63620E15B2200A41616 /* Release */,
			);
			defaultConfigurationIsVisible = 0;
			defaultConfigurationName = Release;
		};
		9369B63720E15B2200A41616 /* Build configuration list for PBXNativeTarget "TableViewDemoUITests" */ = {
			isa = XCConfigurationList;
			buildConfigurations = (
				9369B63820E15B2200A41616 /* Debug */,
				9369B63920E15B2200A41616 /* Release */,
			);
			defaultConfigurationIsVisible = 0;
			defaultConfigurationName = Release;
		};
/* End XCConfigurationList section */
	};
	rootObject = 9369B60120E15B1F00A41616 /* Project object */;
}
